
Microsoft Visual Studio Solution File, Format Version 12.00
# Visual Studio Version 17
VisualStudioVersion = 17.12.35707.178
MinimumVisualStudioVersion = 10.0.40219.1
Project("{FAE04EC0-301F-11D3-BF4B-00C04F79EFBC}") = "计算器工厂", "计算器工厂\计算器工厂.csproj", "{0C8169B8-688A-4881-AAA6-2DB6A5F01CDE}"
EndProject
Project("{FAE04EC0-301F-11D3-BF4B-00C04F79EFBC}") = "CalculatorWeb", "CalculatorWeb\CalculatorWeb.csproj", "{4CD119F6-55AD-44B3-9C5D-43770EF6D1DF}"
EndProject
Global
	GlobalSection(SolutionConfigurationPlatforms) = preSolution
		Debug|Any CPU = Debug|Any CPU
		Release|Any CPU = Release|Any CPU
	EndGlobalSection
	GlobalSection(ProjectConfigurationPlatforms) = postSolution
		{0C8169B8-688A-4881-AAA6-2DB6A5F01CDE}.Debug|Any CPU.ActiveCfg = Debug|Any CPU
		{0C8169B8-688A-4881-AAA6-2DB6A5F01CDE}.Debug|Any CPU.Build.0 = Debug|Any CPU
		{0C8169B8-688A-4881-AAA6-2DB6A5F01CDE}.Release|Any CPU.ActiveCfg = Release|Any CPU
		{0C8169B8-688A-4881-AAA6-2DB6A5F01CDE}.Release|Any CPU.Build.0 = Release|Any CPU
		{4CD119F6-55AD-44B3-9C5D-43770EF6D1DF}.Debug|Any CPU.ActiveCfg = Debug|Any CPU
		{4CD119F6-55AD-44B3-9C5D-43770EF6D1DF}.Debug|Any CPU.Build.0 = Debug|Any CPU
		{4CD119F6-55AD-44B3-9C5D-43770EF6D1DF}.Release|Any CPU.ActiveCfg = Release|Any CPU
		{4CD119F6-55AD-44B3-9C5D-43770EF6D1DF}.Release|Any CPU.Build.0 = Release|Any CPU
	EndGlobalSection
	GlobalSection(SolutionProperties) = preSolution
		HideSolutionNode = FALSE
	EndGlobalSection
	GlobalSection(ExtensibilityGlobals) = postSolution
		SolutionGuid = {99C1B224-E82F-486C-B33C-B490966976BC}
	EndGlobalSection
EndGlobal
